Microsoft Visual Studio Solution File, Format Version 12.00
# Visual Studio Version 17
VisualStudioVersion = 17.5.2.0
MinimumVisualStudioVersion = 10.0.40219.1
Project("{FAE04EC0-301F-11D3-BF4B-00C04F79EFBC}") = "testsignature", "testsignature.csproj", "{BC26DF7A-7505-E268-BD66-8F6333DE3914}"
EndProject
Global
	GlobalSection(SolutionConfigurationPlatforms) = preSolution
		Debug|Any CPU = Debug|Any CPU
		Release|Any CPU = Release|Any CPU
	EndGlobalSection
	GlobalSection(ProjectConfigurationPlatforms) = postSolution
		{BC26DF7A-7505-E268-BD66-8F6333DE3914}.Debug|Any CPU.ActiveCfg = Debug|Any CPU
		{BC26DF7A-7505-E268-BD66-8F6333DE3914}.Debug|Any CPU.Build.0 = Debug|Any CPU
		{BC26DF7A-7505-E268-BD66-8F6333DE3914}.Release|Any CPU.ActiveCfg = Release|Any CPU
		{BC26DF7A-7505-E268-BD66-8F6333DE3914}.Release|Any CPU.Build.0 = Release|Any CPU
	EndGlobalSection
	GlobalSection(SolutionProperties) = preSolution
		HideSolutionNode = FALSE
	EndGlobalSection
	GlobalSection(ExtensibilityGlobals) = postSolution
		SolutionGuid = {9BAC8C5B-3D22-4812-992E-554E5CA3C577}
	EndGlobalSection
EndGlobal
